{
  "version": 4,
  "terraform_version": "1.2.7",
  "serial": 11,
  "lineage": "86f47a5a-8f05-c9ac-3634-289c948976d1",
  "outputs": {},
  "resources": [
    {
      "mode": "managed",
      "type": "proxmox_vm_qemu",
      "name": "test_server",
      "provider": "provider[\"registry.terraform.io/telmate/proxmox\"]",
      "instances": [
        {
          "index_key": 0,
          "schema_version": 0,
          "attributes": {
            "additional_wait": 0,
            "agent": 1,
            "args": "",
            "balloon": 0,
            "bios": "seabios",
            "boot": "c",
            "bootdisk": "scsi0",
            "bridge": "",
            "ci_wait": null,
            "cicustom": "",
            "cipassword": "",
            "ciuser": "",
            "clone": "centos8-cloudinit-template",
            "clone_wait": 0,
            "cloudinit_cdrom_storage": null,
            "cores": 1,
            "cpu": "host",
            "default_ipv4_address": "192.168.1.91",
            "define_connection_info": true,
            "desc": "",
            "disk": [
              {
                "backup": 0,
                "cache": "none",
                "discard": "",
                "file": "vm-101-disk-0",
                "format": "raw",
                "iothread": 1,
                "mbps": 0,
                "mbps_rd": 0,
                "mbps_rd_max": 0,
                "mbps_wr": 0,
                "mbps_wr_max": 0,
                "media": "",
                "replicate": 0,
                "size": "40G",
                "slot": 0,
                "ssd": 0,
                "storage": "vm",
                "storage_type": "lvm",
                "type": "scsi",
                "volume": "vm:vm-101-disk-0"
              }
            ],
            "disk_gb": 0,
            "force_create": false,
            "force_recreate_on_change_of": null,
            "full_clone": true,
            "guest_agent_ready_timeout": 100,
            "hagroup": "",
            "hastate": "",
            "hotplug": "network,disk,usb",
            "id": "home-pve/qemu/101",
            "ipconfig0": "ip=192.168.1.91/24,gw=192.168.1.1",
            "ipconfig1": "",
            "ipconfig2": "",
            "ipconfig3": "",
            "ipconfig4": "",
            "ipconfig5": "",
            "iso": null,
            "kvm": true,
            "mac": "",
            "memory": 512,
            "name": "test-vm-1",
            "nameserver": "",
            "network": [
              {
                "bridge": "vmbr0",
                "firewall": false,
                "link_down": false,
                "macaddr": "22:C6:1B:4A:4A:04",
                "model": "virtio",
                "queues": 0,
                "rate": 0,
                "tag": -1
              }
            ],
            "nic": "",
            "numa": false,
            "onboot": false,
            "oncreate": true,
            "os_network_config": null,
            "os_type": "cloud-init",
            "pool": "",
            "preprovision": true,
            "qemu_os": "other",
            "reboot_required": false,
            "scsihw": "virtio-scsi-pci",
            "searchdomain": "",
            "serial": [],
            "sockets": 1,
            "ssh_forward_ip": null,
            "ssh_host": "192.168.1.91",
            "ssh_port": "22",
            "ssh_private_key": null,
            "ssh_user": null,
            "sshkeys": "  ssh-rsa AAAAB3NzaC1yc2EAAAADAQABAAABgQDczVXUSDGxF0csVtFKZrBwFQ9E0a1+AxerO47P3W1B8i0oAkol93nR1x3r0O7+e94GNdcp1GFvnHLV/bk1C6oxXs6kFmErbnfsAH5wVbmbScKNW5Ai1z3b6juHYTQmsvOPJgrOidiGaoK97sYf5UXZdMkKzmBlcCg5UxPD/IXRWDndbEGo+RxGH1j4L/+uKw/Rzb+KCCQLDZk94C6eNGoJoQ7sTUuekcB07RDOj6GKV8rogkZMJsefcybq3w33lZ/4RTWLNWQPbtMGxShG0CwF4uK52nSggTPZWQB7GSjO646zr8yNlOQRKA0aKemUfCQk2cdXv7n0kLQhSCpv/DBTKwFQHt4V33c33D0+phMzK/1Z7INKpclVhgHkra4ylrAZl6gdZH+IX2X9CP4gxFJl+RL76vnKp9J7j2nhBUHNZCLh26ikWVdz0MTg1bO/sxEeD1fU5zDcQJDgo22CkOupg8VY3sKRv3Ymibw05Br5xczSCoAUXKvsccfKwW4rTNs= user@home\n\n",
            "storage": "",
            "storage_type": "",
            "tablet": true,
            "tags": "",
            "target_node": "home-pve",
            "timeouts": null,
            "unused_disk": [],
            "vcpus": 0,
            "vga": [],
            "vlan": -1,
            "vmid": null
          },
          "sensitive_attributes": [],
          "private": "eyJlMmJmYjczMC1lY2FhLTExZTYtOGY4OC0zNDM2M2JjN2M0YzAiOnsiY3JlYXRlIjozMDAwMDAwMDAwMDAsImRlZmF1bHQiOjMwMDAwMDAwMDAwMCwiZGVsZXRlIjoxODAwMDAwMDAwMDAsInJlYWQiOjE4MDAwMDAwMDAwMCwidXBkYXRlIjoxODAwMDAwMDAwMDB9fQ=="
        }
      ]
    }
  ]
}
